
Microsoft Visual Studio Solution File, Format Version 12.00
# Visual Studio Version 17
VisualStudioVersion = 17.7.34018.315
MinimumVisualStudioVersion = 10.0.40219.1
Project("{2150E333-8FDC-42A3-9474-1A3956D46DE8}") = "src", "src", "{B8BC5BC6-AE13-4B44-B123-9D52B5289FA6}"
EndProject
Project("{2150E333-8FDC-42A3-9474-1A3956D46DE8}") = "BookService", "BookService", "{A537508D-5DD2-4675-B4F4-554ED24D15DC}"
EndProject
Project("{2150E333-8FDC-42A3-9474-1A3956D46DE8}") = "AuthorService", "AuthorService", "{65F7FC28-2781-4544-8D44-06EFCAEF7308}"
EndProject
Project("{2150E333-8FDC-42A3-9474-1A3956D46DE8}") = "Infrastructure", "Infrastructure", "{A299242B-6B7A-4F64-874C-A1A1BA2AAB78}"
EndProject
Project("{2150E333-8FDC-42A3-9474-1A3956D46DE8}") = "Presentation", "Presentation", "{BAD203B8-9D55-4EC5-9A3A-FEF6AE45DA3D}"
EndProject
Project("{9A19103F-16F7-4668-BE54-9A1E7A4F7556}") = "AuthorService.Api", "src\AuthorService\Presentation\AuthorService.Api\AuthorService.Api.csproj", "{5300656E-259E-4677-8A75-58AB32F5602C}"
EndProject
Project("{2150E333-8FDC-42A3-9474-1A3956D46DE8}") = "Core", "Core", "{2E9AF555-D83C-44A3-8CBD-1F6B6F9B5BCB}"
EndProject
Project("{2150E333-8FDC-42A3-9474-1A3956D46DE8}") = "Infrastructure", "Infrastructure", "{75C44A2D-53B7-4E9E-9C42-7F2B7EADEA8F}"
EndProject
Project("{2150E333-8FDC-42A3-9474-1A3956D46DE8}") = "Presentation", "Presentation", "{BE9DA56B-3BEC-452F-94E3-721DFAD730C8}"
EndProject
Project("{9A19103F-16F7-4668-BE54-9A1E7A4F7556}") = "BookService.Api", "src\BookService\Presentation\BookService.Api\BookService.Api.csproj", "{D6407E1B-8092-49A8-BCDF-692110D34CBF}"
EndProject
Project("{2150E333-8FDC-42A3-9474-1A3956D46DE8}") = "Core", "Core", "{0BA64231-D94E-4B54-A7C8-75D444B8C374}"
EndProject
Project("{9A19103F-16F7-4668-BE54-9A1E7A4F7556}") = "AuthorService.Application", "src\AuthorService\Core\AuthorService.Application\AuthorService.Application.csproj", "{07A29D5E-6DCB-46D2-8A12-3E27326D0F6A}"
EndProject
Project("{9A19103F-16F7-4668-BE54-9A1E7A4F7556}") = "BookService.Application", "src\BookService\Core\BookService.Application\BookService.Application.csproj", "{9FFD89FE-058F-4206-AFC4-C906343C2E52}"
EndProject
Project("{2150E333-8FDC-42A3-9474-1A3956D46DE8}") = "Protos", "Protos", "{7E9EC7BE-D994-49B8-9F49-97AC8BCCED62}"
EndProject
Project("{9A19103F-16F7-4668-BE54-9A1E7A4F7556}") = "Microservice1.protos", "src\Protos\Microservice1.protos\Microservice1.protos.csproj", "{DE96BE78-0C78-4DF1-9474-062A8D36A0E9}"
EndProject
Project("{2150E333-8FDC-42A3-9474-1A3956D46DE8}") = "Persistence", "Persistence", "{A5075D95-75F9-4E91-BA80-C928A77F449A}"
EndProject
Project("{2150E333-8FDC-42A3-9474-1A3956D46DE8}") = "Infrastructure", "Infrastructure", "{CEA0ADF9-80EF-43FC-8870-E7295BB0CE8A}"
EndProject
Project("{9A19103F-16F7-4668-BE54-9A1E7A4F7556}") = "AuthorGrpcService", "src\AuthorService\Infrastructure\Persistence\AuthorGrpcService\AuthorGrpcService.csproj", "{07AEF8E1-F6DA-4C34-92F4-EEABDF515886}"
EndProject
Project("{9A19103F-16F7-4668-BE54-9A1E7A4F7556}") = "AuthorService.Persistence", "src\AuthorService\Infrastructure\Persistence\AuthorService.Persistence\AuthorService.Persistence.csproj", "{32A0568A-739E-4FA0-A265-BE7902E92D8A}"
EndProject
Project("{2150E333-8FDC-42A3-9474-1A3956D46DE8}") = "ApiGateway", "ApiGateway", "{7887EC6E-A007-4979-90CE-F258BEC08608}"
EndProject
Project("{9A19103F-16F7-4668-BE54-9A1E7A4F7556}") = "ApiGateway", "src\ApiGateway\ApiGateway\ApiGateway.csproj", "{BF16E38A-62AF-44BD-9C56-C8495BF858C1}"
EndProject
Project("{2150E333-8FDC-42A3-9474-1A3956D46DE8}") = "AngularApplication", "AngularApplication", "{793E463D-263A-4967-B430-ECFC9F24707A}"
EndProject
Project("{54A90642-561A-4BB1-A94E-469ADEE60C69}") = "ChatApplication", "src\AngularApplication\ChatApplication\ChatApplication.esproj", "{F6A9B871-3FB0-4930-9CCD-3B699A328C65}"
EndProject
Global
	GlobalSection(SolutionConfigurationPlatforms) = preSolution
		Debug|Any CPU = Debug|Any CPU
		Release|Any CPU = Release|Any CPU
	EndGlobalSection
	GlobalSection(ProjectConfigurationPlatforms) = postSolution
		{5300656E-259E-4677-8A75-58AB32F5602C}.Debug|Any CPU.ActiveCfg = Debug|Any CPU
		{5300656E-259E-4677-8A75-58AB32F5602C}.Debug|Any CPU.Build.0 = Debug|Any CPU
		{5300656E-259E-4677-8A75-58AB32F5602C}.Release|Any CPU.ActiveCfg = Release|Any CPU
		{5300656E-259E-4677-8A75-58AB32F5602C}.Release|Any CPU.Build.0 = Release|Any CPU
		{D6407E1B-8092-49A8-BCDF-692110D34CBF}.Debug|Any CPU.ActiveCfg = Debug|Any CPU
		{D6407E1B-8092-49A8-BCDF-692110D34CBF}.Debug|Any CPU.Build.0 = Debug|Any CPU
		{D6407E1B-8092-49A8-BCDF-692110D34CBF}.Release|Any CPU.ActiveCfg = Release|Any CPU
		{D6407E1B-8092-49A8-BCDF-692110D34CBF}.Release|Any CPU.Build.0 = Release|Any CPU
		{07A29D5E-6DCB-46D2-8A12-3E27326D0F6A}.Debug|Any CPU.ActiveCfg = Debug|Any CPU
		{07A29D5E-6DCB-46D2-8A12-3E27326D0F6A}.Debug|Any CPU.Build.0 = Debug|Any CPU
		{07A29D5E-6DCB-46D2-8A12-3E27326D0F6A}.Release|Any CPU.ActiveCfg = Release|Any CPU
		{07A29D5E-6DCB-46D2-8A12-3E27326D0F6A}.Release|Any CPU.Build.0 = Release|Any CPU
		{9FFD89FE-058F-4206-AFC4-C906343C2E52}.Debug|Any CPU.ActiveCfg = Debug|Any CPU
		{9FFD89FE-058F-4206-AFC4-C906343C2E52}.Debug|Any CPU.Build.0 = Debug|Any CPU
		{9FFD89FE-058F-4206-AFC4-C906343C2E52}.Release|Any CPU.ActiveCfg = Release|Any CPU
		{9FFD89FE-058F-4206-AFC4-C906343C2E52}.Release|Any CPU.Build.0 = Release|Any CPU
		{DE96BE78-0C78-4DF1-9474-062A8D36A0E9}.Debug|Any CPU.ActiveCfg = Debug|Any CPU
		{DE96BE78-0C78-4DF1-9474-062A8D36A0E9}.Debug|Any CPU.Build.0 = Debug|Any CPU
		{DE96BE78-0C78-4DF1-9474-062A8D36A0E9}.Release|Any CPU.ActiveCfg = Release|Any CPU
		{DE96BE78-0C78-4DF1-9474-062A8D36A0E9}.Release|Any CPU.Build.0 = Release|Any CPU
		{07AEF8E1-F6DA-4C34-92F4-EEABDF515886}.Debug|Any CPU.ActiveCfg = Debug|Any CPU
		{07AEF8E1-F6DA-4C34-92F4-EEABDF515886}.Debug|Any CPU.Build.0 = Debug|Any CPU
		{07AEF8E1-F6DA-4C34-92F4-EEABDF515886}.Release|Any CPU.ActiveCfg = Release|Any CPU
		{07AEF8E1-F6DA-4C34-92F4-EEABDF515886}.Release|Any CPU.Build.0 = Release|Any CPU
		{32A0568A-739E-4FA0-A265-BE7902E92D8A}.Debug|Any CPU.ActiveCfg = Debug|Any CPU
		{32A0568A-739E-4FA0-A265-BE7902E92D8A}.Debug|Any CPU.Build.0 = Debug|Any CPU
		{32A0568A-739E-4FA0-A265-BE7902E92D8A}.Release|Any CPU.ActiveCfg = Release|Any CPU
		{32A0568A-739E-4FA0-A265-BE7902E92D8A}.Release|Any CPU.Build.0 = Release|Any CPU
		{BF16E38A-62AF-44BD-9C56-C8495BF858C1}.Debug|Any CPU.ActiveCfg = Debug|Any CPU
		{BF16E38A-62AF-44BD-9C56-C8495BF858C1}.Debug|Any CPU.Build.0 = Debug|Any CPU
		{BF16E38A-62AF-44BD-9C56-C8495BF858C1}.Release|Any CPU.ActiveCfg = Release|Any CPU
		{BF16E38A-62AF-44BD-9C56-C8495BF858C1}.Release|Any CPU.Build.0 = Release|Any CPU
		{F6A9B871-3FB0-4930-9CCD-3B699A328C65}.Debug|Any CPU.ActiveCfg = Debug|Any CPU
		{F6A9B871-3FB0-4930-9CCD-3B699A328C65}.Debug|Any CPU.Build.0 = Debug|Any CPU
		{F6A9B871-3FB0-4930-9CCD-3B699A328C65}.Debug|Any CPU.Deploy.0 = Debug|Any CPU
		{F6A9B871-3FB0-4930-9CCD-3B699A328C65}.Release|Any CPU.ActiveCfg = Release|Any CPU
		{F6A9B871-3FB0-4930-9CCD-3B699A328C65}.Release|Any CPU.Build.0 = Release|Any CPU
		{F6A9B871-3FB0-4930-9CCD-3B699A328C65}.Release|Any CPU.Deploy.0 = Release|Any CPU
	EndGlobalSection
	GlobalSection(SolutionProperties) = preSolution
		HideSolutionNode = FALSE
	EndGlobalSection
	GlobalSection(NestedProjects) = preSolution
		{A537508D-5DD2-4675-B4F4-554ED24D15DC} = {B8BC5BC6-AE13-4B44-B123-9D52B5289FA6}
		{65F7FC28-2781-4544-8D44-06EFCAEF7308} = {B8BC5BC6-AE13-4B44-B123-9D52B5289FA6}
		{A299242B-6B7A-4F64-874C-A1A1BA2AAB78} = {65F7FC28-2781-4544-8D44-06EFCAEF7308}
		{BAD203B8-9D55-4EC5-9A3A-FEF6AE45DA3D} = {65F7FC28-2781-4544-8D44-06EFCAEF7308}
		{5300656E-259E-4677-8A75-58AB32F5602C} = {BAD203B8-9D55-4EC5-9A3A-FEF6AE45DA3D}
		{2E9AF555-D83C-44A3-8CBD-1F6B6F9B5BCB} = {A537508D-5DD2-4675-B4F4-554ED24D15DC}
		{75C44A2D-53B7-4E9E-9C42-7F2B7EADEA8F} = {A537508D-5DD2-4675-B4F4-554ED24D15DC}
		{BE9DA56B-3BEC-452F-94E3-721DFAD730C8} = {A537508D-5DD2-4675-B4F4-554ED24D15DC}
		{D6407E1B-8092-49A8-BCDF-692110D34CBF} = {BE9DA56B-3BEC-452F-94E3-721DFAD730C8}
		{0BA64231-D94E-4B54-A7C8-75D444B8C374} = {65F7FC28-2781-4544-8D44-06EFCAEF7308}
		{07A29D5E-6DCB-46D2-8A12-3E27326D0F6A} = {0BA64231-D94E-4B54-A7C8-75D444B8C374}
		{9FFD89FE-058F-4206-AFC4-C906343C2E52} = {2E9AF555-D83C-44A3-8CBD-1F6B6F9B5BCB}
		{7E9EC7BE-D994-49B8-9F49-97AC8BCCED62} = {B8BC5BC6-AE13-4B44-B123-9D52B5289FA6}
		{DE96BE78-0C78-4DF1-9474-062A8D36A0E9} = {7E9EC7BE-D994-49B8-9F49-97AC8BCCED62}
		{A5075D95-75F9-4E91-BA80-C928A77F449A} = {A299242B-6B7A-4F64-874C-A1A1BA2AAB78}
		{CEA0ADF9-80EF-43FC-8870-E7295BB0CE8A} = {A299242B-6B7A-4F64-874C-A1A1BA2AAB78}
		{07AEF8E1-F6DA-4C34-92F4-EEABDF515886} = {A5075D95-75F9-4E91-BA80-C928A77F449A}
		{32A0568A-739E-4FA0-A265-BE7902E92D8A} = {A5075D95-75F9-4E91-BA80-C928A77F449A}
		{7887EC6E-A007-4979-90CE-F258BEC08608} = {B8BC5BC6-AE13-4B44-B123-9D52B5289FA6}
		{BF16E38A-62AF-44BD-9C56-C8495BF858C1} = {7887EC6E-A007-4979-90CE-F258BEC08608}
		{793E463D-263A-4967-B430-ECFC9F24707A} = {B8BC5BC6-AE13-4B44-B123-9D52B5289FA6}
		{F6A9B871-3FB0-4930-9CCD-3B699A328C65} = {793E463D-263A-4967-B430-ECFC9F24707A}
	EndGlobalSection
	GlobalSection(ExtensibilityGlobals) = postSolution
		SolutionGuid = {CCCACAA9-B4DB-4C2E-9523-F6209997513F}
	EndGlobalSection
EndGlobal
